
Microsoft Visual Studio Solution File, Format Version 12.00
# Visual Studio 15
VisualStudioVersion = 15.0.27428.2005
MinimumVisualStudioVersion = 10.0.40219.1
Project("{FAE04EC0-301F-11D3-BF4B-00C04F79EFBC}") = "Queue.Logic", "Queue.Logic\Queue.Logic.csproj", "{DDA74D93-DEF6-4335-8E88-2953BA257A82}"
EndProject
Project("{FAE04EC0-301F-11D3-BF4B-00C04F79EFBC}") = "FibonacciNumbers", "FibonacciNumbers\FibonacciNumbers.csproj", "{4B48A667-50FA-42DC-B20A-8676E1C057DD}"
EndProject
Project("{FAE04EC0-301F-11D3-BF4B-00C04F79EFBC}") = "FibonacciNumbers.Tests", "FibonacciNumbers.Tests\FibonacciNumbers.Tests.csproj", "{BB0B6B16-84BD-49EA-9C27-B412324EEC19}"
EndProject
Project("{FAE04EC0-301F-11D3-BF4B-00C04F79EFBC}") = "BinarySearch", "BinarySearch\BinarySearch.csproj", "{1B6FB156-37A8-4086-A166-84E3C61753C8}"
EndProject
Project("{FAE04EC0-301F-11D3-BF4B-00C04F79EFBC}") = "BinarySearch.Tests", "BinarySearch.Tests\BinarySearch.Tests.csproj", "{30032160-A69D-45F7-BEA4-D5E0707F5B9A}"
EndProject
Project("{FAE04EC0-301F-11D3-BF4B-00C04F79EFBC}") = "Queue.Logic.Tests", "Queue.Logic.Tests\Queue.Logic.Tests.csproj", "{C8B487E0-3AC0-4F18-89AB-096AE7E90C2A}"
EndProject
Global
	GlobalSection(SolutionConfigurationPlatforms) = preSolution
		Debug|Any CPU = Debug|Any CPU
		Release|Any CPU = Release|Any CPU
	EndGlobalSection
	GlobalSection(ProjectConfigurationPlatforms) = postSolution
		{DDA74D93-DEF6-4335-8E88-2953BA257A82}.Debug|Any CPU.ActiveCfg = Debug|Any CPU
		{DDA74D93-DEF6-4335-8E88-2953BA257A82}.Debug|Any CPU.Build.0 = Debug|Any CPU
		{DDA74D93-DEF6-4335-8E88-2953BA257A82}.Release|Any CPU.ActiveCfg = Release|Any CPU
		{DDA74D93-DEF6-4335-8E88-2953BA257A82}.Release|Any CPU.Build.0 = Release|Any CPU
		{4B48A667-50FA-42DC-B20A-8676E1C057DD}.Debug|Any CPU.ActiveCfg = Debug|Any CPU
		{4B48A667-50FA-42DC-B20A-8676E1C057DD}.Debug|Any CPU.Build.0 = Debug|Any CPU
		{4B48A667-50FA-42DC-B20A-8676E1C057DD}.Release|Any CPU.ActiveCfg = Release|Any CPU
		{4B48A667-50FA-42DC-B20A-8676E1C057DD}.Release|Any CPU.Build.0 = Release|Any CPU
		{BB0B6B16-84BD-49EA-9C27-B412324EEC19}.Debug|Any CPU.ActiveCfg = Debug|Any CPU
		{BB0B6B16-84BD-49EA-9C27-B412324EEC19}.Debug|Any CPU.Build.0 = Debug|Any CPU
		{BB0B6B16-84BD-49EA-9C27-B412324EEC19}.Release|Any CPU.ActiveCfg = Release|Any CPU
		{BB0B6B16-84BD-49EA-9C27-B412324EEC19}.Release|Any CPU.Build.0 = Release|Any CPU
		{1B6FB156-37A8-4086-A166-84E3C61753C8}.Debug|Any CPU.ActiveCfg = Debug|Any CPU
		{1B6FB156-37A8-4086-A166-84E3C61753C8}.Debug|Any CPU.Build.0 = Debug|Any CPU
		{1B6FB156-37A8-4086-A166-84E3C61753C8}.Release|Any CPU.ActiveCfg = Release|Any CPU
		{1B6FB156-37A8-4086-A166-84E3C61753C8}.Release|Any CPU.Build.0 = Release|Any CPU
		{30032160-A69D-45F7-BEA4-D5E0707F5B9A}.Debug|Any CPU.ActiveCfg = Debug|Any CPU
		{30032160-A69D-45F7-BEA4-D5E0707F5B9A}.Debug|Any CPU.Build.0 = Debug|Any CPU
		{30032160-A69D-45F7-BEA4-D5E0707F5B9A}.Release|Any CPU.ActiveCfg = Release|Any CPU
		{30032160-A69D-45F7-BEA4-D5E0707F5B9A}.Release|Any CPU.Build.0 = Release|Any CPU
		{C8B487E0-3AC0-4F18-89AB-096AE7E90C2A}.Debug|Any CPU.ActiveCfg = Debug|Any CPU
		{C8B487E0-3AC0-4F18-89AB-096AE7E90C2A}.Debug|Any CPU.Build.0 = Debug|Any CPU
		{C8B487E0-3AC0-4F18-89AB-096AE7E90C2A}.Release|Any CPU.ActiveCfg = Release|Any CPU
		{C8B487E0-3AC0-4F18-89AB-096AE7E90C2A}.Release|Any CPU.Build.0 = Release|Any CPU
	EndGlobalSection
	GlobalSection(SolutionProperties) = preSolution
		HideSolutionNode = FALSE
	EndGlobalSection
	GlobalSection(ExtensibilityGlobals) = postSolution
		SolutionGuid = {420AF252-24FD-408B-9B5E-C311DD5D8BB2}
	EndGlobalSection
EndGlobal
